// !$*UTF8*$!
{
	archiveVersion = 1;
	classes = {
	};
	objectVersion = 50;
	objects = {

/* Begin PBXBuildFile section */
		512BA224267A78AF00257518 /* Came_to_learn_by_doingApp.swift in Sources */ = {isa = PBXBuildFile; fileRef = 512BA223267A78AF00257518 /* Came_to_learn_by_doingApp.swift */; };
		512BA226267A78AF00257518 /* ContentView.swift in Sources */ = {isa = PBXBuildFile; fileRef = 512BA225267A78AF00257518 /* ContentView.swift */; };
		512BA228267A78B300257518 /* Assets.xcassets in Resources */ = {isa = PBXBuildFile; fileRef = 512BA227267A78B300257518 /* Assets.xcassets */; };
		512BA22B267A78B300257518 /* Preview Assets.xcassets in Resources */ = {isa = PBXBuildFile; fileRef = 512BA22A267A78B300257518 /* Preview Assets.xcassets */; };
		512BA233267A7AC800257518 /* LaunchScreen.storyboard in Resources */ = {isa = PBXBuildFile; fileRef = 512BA232267A7AC800257518 /* LaunchScreen.storyboard */; };
		516BC7FB267B101C002755CA /* CardView.swift in Sources */ = {isa = PBXBuildFile; fileRef = 516BC7FA267B101C002755CA /* CardView.swift */; };
		516BC7FF267BAD4E002755CA /* CardModel.swift in Sources */ = {isa = PBXBuildFile; fileRef = 516BC7FE267BAD4E002755CA /* CardModel.swift */; };
		516BC802267BAE23002755CA /* CardData.swift in Sources */ = {isa = PBXBuildFile; fileRef = 516BC801267BAE23002755CA /* CardData.swift */; };
		516BC804267BB2B4002755CA /* sound-chime.mp3 in Resources */ = {isa = PBXBuildFile; fileRef = 516BC803267BB2B4002755CA /* sound-chime.mp3 */; };
		516BC806267BB4E4002755CA /* AudioPlayerManager.swift in Sources */ = {isa = PBXBuildFile; fileRef = 516BC805267BB4E4002755CA /* AudioPlayerManager.swift */; };
		51CB2C5B267C5A6E006523BE /* Stickers.xcassets in Resources */ = {isa = PBXBuildFile; fileRef = 51CB2C5A267C5A6E006523BE /* Stickers.xcassets */; };
		51CB2C5F267C5A6E006523BE /* Stickers.appex in Embed App Extensions */ = {isa = PBXBuildFile; fileRef = 51CB2C58267C5A6C006523BE /* Stickers.appex */; settings = {ATTRIBUTES = (RemoveHeadersOnCopy, ); }; };
/* End PBXBuildFile section */

/* Begin PBXContainerItemProxy section */
		51CB2C5D267C5A6E006523BE /* PBXContainerItemProxy */ = {
			isa = PBXContainerItemProxy;
			containerPortal = 512BA218267A78AF00257518 /* Project object */;
			proxyType = 1;
			remoteGlobalIDString = 51CB2C57267C5A6C006523BE;
			remoteInfo = Stickers;
		};
/* End PBXContainerItemProxy section */

/* Begin PBXCopyFilesBuildPhase section */
		51CB2C60267C5A6E006523BE /* Embed App Extensions */ = {
			isa = PBXCopyFilesBuildPhase;
			buildActionMask = 2147483647;
			dstPath = "";
			dstSubfolderSpec = 13;
			files = (
				51CB2C5F267C5A6E006523BE /* Stickers.appex in Embed App Extensions */,
			);
			name = "Embed App Extensions";
			runOnlyForDeploymentPostprocessing = 0;
		};
/* End PBXCopyFilesBuildPhase section */

/* Begin PBXFileReference section */
		512BA220267A78AF00257518 /* Came to learn by doing.app */ = {isa = PBXFileReference; explicitFileType = wrapper.application; includeInIndex = 0; path = "Came to learn by doing.app"; sourceTree = BUILT_PRODUCTS_DIR; };
		512BA223267A78AF00257518 /* Came_to_learn_by_doingApp.swift */ = {isa = PBXFileReference; lastKnownFileType = sourcecode.swift; path = Came_to_learn_by_doingApp.swift; sourceTree = "<group>"; };
		512BA225267A78AF00257518 /* ContentView.swift */ = {isa = PBXFileReference; lastKnownFileType = sourcecode.swift; path = ContentView.swift; sourceTree = "<group>"; };
		512BA227267A78B300257518 /* Assets.xcassets */ = {isa = PBXFileReference; lastKnownFileType = folder.assetcatalog; path = Assets.xcassets; sourceTree = "<group>"; };
		512BA22A267A78B300257518 /* Preview Assets.xcassets */ = {isa = PBXFileReference; lastKnownFileType = folder.assetcatalog; path = "Preview Assets.xcassets"; sourceTree = "<group>"; };
		512BA22C267A78B300257518 /* Info.plist */ = {isa = PBXFileReference; lastKnownFileType = text.plist.xml; path = Info.plist; sourceTree = "<group>"; };
		512BA232267A7AC800257518 /* LaunchScreen.storyboard */ = {isa = PBXFileReference; lastKnownFileType = file.storyboard; path = LaunchScreen.storyboard; sourceTree = "<group>"; };
		516BC7FA267B101C002755CA /* CardView.swift */ = {isa = PBXFileReference; lastKnownFileType = sourcecode.swift; path = CardView.swift; sourceTree = "<group>"; };
		516BC7FE267BAD4E002755CA /* CardModel.swift */ = {isa = PBXFileReference; lastKnownFileType = sourcecode.swift; path = CardModel.swift; sourceTree = "<group>"; };
		516BC801267BAE23002755CA /* CardData.swift */ = {isa = PBXFileReference; lastKnownFileType = sourcecode.swift; path = CardData.swift; sourceTree = "<group>"; };
		516BC803267BB2B4002755CA /* sound-chime.mp3 */ = {isa = PBXFileReference; lastKnownFileType = audio.mp3; path = "sound-chime.mp3"; sourceTree = "<group>"; };
		516BC805267BB4E4002755CA /* AudioPlayerManager.swift */ = {isa = PBXFileReference; lastKnownFileType = sourcecode.swift; path = AudioPlayerManager.swift; sourceTree = "<group>"; };
		51CB2C58267C5A6C006523BE /* Stickers.appex */ = {isa = PBXFileReference; explicitFileType = "wrapper.app-extension"; includeInIndex = 0; path = Stickers.appex; sourceTree = BUILT_PRODUCTS_DIR; };
		51CB2C5A267C5A6E006523BE /* Stickers.xcassets */ = {isa = PBXFileReference; lastKnownFileType = folder.assetcatalog; path = Stickers.xcassets; sourceTree = "<group>"; };
		51CB2C5C267C5A6E006523BE /* Info.plist */ = {isa = PBXFileReference; lastKnownFileType = text.plist.xml; path = Info.plist; sourceTree = "<group>"; };
/* End PBXFileReference section */

/* Begin PBXFrameworksBuildPhase section */
		512BA21D267A78AF00257518 /* Frameworks */ = {
			isa = PBXFrameworksBuildPhase;
			buildActionMask = 2147483647;
			files = (
			);
			runOnlyForDeploymentPostprocessing = 0;
		};
/* End PBXFrameworksBuildPhase section */

/* Begin PBXGroup section */
		512BA217267A78AF00257518 = {
			isa = PBXGroup;
			children = (
				512BA222267A78AF00257518 /* Came to learn by doing */,
				51CB2C59267C5A6C006523BE /* Stickers */,
				512BA221267A78AF00257518 /* Products */,
			);
			sourceTree = "<group>";
		};
		512BA221267A78AF00257518 /* Products */ = {
			isa = PBXGroup;
			children = (
				512BA220267A78AF00257518 /* Came to learn by doing.app */,
				51CB2C58267C5A6C006523BE /* Stickers.appex */,
			);
			name = Products;
			sourceTree = "<group>";
		};
		512BA222267A78AF00257518 /* Came to learn by doing */ = {
			isa = PBXGroup;
			children = (
				512BA223267A78AF00257518 /* Came_to_learn_by_doingApp.swift */,
				516BC803267BB2B4002755CA /* sound-chime.mp3 */,
				516BC805267BB4E4002755CA /* AudioPlayerManager.swift */,
				516BC800267BAE16002755CA /* Data */,
				516BC7FD267BAD42002755CA /* Model */,
				516BC7FC267B1029002755CA /* Views */,
				512BA227267A78B300257518 /* Assets.xcassets */,
				512BA22C267A78B300257518 /* Info.plist */,
				512BA232267A7AC800257518 /* LaunchScreen.storyboard */,
				512BA229267A78B300257518 /* Preview Content */,
			);
			path = "Came to learn by doing";
			sourceTree = "<group>";
		};
		512BA229267A78B300257518 /* Preview Content */ = {
			isa = PBXGroup;
			children = (
				512BA22A267A78B300257518 /* Preview Assets.xcassets */,
			);
			path = "Preview Content";
			sourceTree = "<group>";
		};
		516BC7FC267B1029002755CA /* Views */ = {
			isa = PBXGroup;
			children = (
				512BA225267A78AF00257518 /* ContentView.swift */,
				516BC7FA267B101C002755CA /* CardView.swift */,
			);
			path = Views;
			sourceTree = "<group>";
		};
		516BC7FD267BAD42002755CA /* Model */ = {
			isa = PBXGroup;
			children = (
				516BC7FE267BAD4E002755CA /* CardModel.swift */,
			);
			path = Model;
			sourceTree = "<group>";
		};
		516BC800267BAE16002755CA /* Data */ = {
			isa = PBXGroup;
			children = (
				516BC801267BAE23002755CA /* CardData.swift */,
			);
			path = Data;
			sourceTree = "<group>";
		};
		51CB2C59267C5A6C006523BE /* Stickers */ = {
			isa = PBXGroup;
			children = (
				51CB2C5A267C5A6E006523BE /* Stickers.xcassets */,
				51CB2C5C267C5A6E006523BE /* Info.plist */,
			);
			path = Stickers;
			sourceTree = "<group>";
		};
/* End PBXGroup section */

/* Begin PBXNativeTarget section */
		512BA21F267A78AF00257518 /* Came to learn by doing */ = {
			isa = PBXNativeTarget;
			buildConfigurationList = 512BA22F267A78B300257518 /* Build configuration list for PBXNativeTarget "Came to learn by doing" */;
			buildPhases = (
				512BA21C267A78AF00257518 /* Sources */,
				512BA21D267A78AF00257518 /* Frameworks */,
				512BA21E267A78AF00257518 /* Resources */,
				51CB2C60267C5A6E006523BE /* Embed App Extensions */,
			);
			buildRules = (
			);
			dependencies = (
				51CB2C5E267C5A6E006523BE /* PBXTargetDependency */,
			);
			name = "Came to learn by doing";
			productName = "Came to learn by doing";
			productReference = 512BA220267A78AF00257518 /* Came to learn by doing.app */;
			productType = "com.apple.product-type.application";
		};
		51CB2C57267C5A6C006523BE /* Stickers */ = {
			isa = PBXNativeTarget;
			buildConfigurationList = 51CB2C63267C5A6E006523BE /* Build configuration list for PBXNativeTarget "Stickers" */;
			buildPhases = (
				51CB2C56267C5A6C006523BE /* Resources */,
			);
			buildRules = (
			);
			dependencies = (
			);
			name = Stickers;
			productName = Stickers;
			productReference = 51CB2C58267C5A6C006523BE /* Stickers.appex */;
			productType = "com.apple.product-type.app-extension.messages-sticker-pack";
		};
/* End PBXNativeTarget section */

/* Begin PBXProject section */
		512BA218267A78AF00257518 /* Project object */ = {
			isa = PBXProject;
			attributes = {
				LastSwiftUpdateCheck = 1250;
				LastUpgradeCheck = 1250;
				TargetAttributes = {
					512BA21F267A78AF00257518 = {
						CreatedOnToolsVersion = 12.5;
					};
					51CB2C57267C5A6C006523BE = {
						CreatedOnToolsVersion = 12.5;
					};
				};
			};
			buildConfigurationList = 512BA21B267A78AF00257518 /* Build configuration list for PBXProject "Came to learn by doing" */;
			compatibilityVersion = "Xcode 9.3";
			developmentRegion = en;
			hasScannedForEncodings = 0;
			knownRegions = (
				en,
				Base,
			);
			mainGroup = 512BA217267A78AF00257518;
			productRefGroup = 512BA221267A78AF00257518 /* Products */;
			projectDirPath = "";
			projectRoot = "";
			targets = (
				512BA21F267A78AF00257518 /* Came to learn by doing */,
				51CB2C57267C5A6C006523BE /* Stickers */,
			);
		};
/* End PBXProject section */

/* Begin PBXResourcesBuildPhase section */
		512BA21E267A78AF00257518 /* Resources */ = {
			isa = PBXResourcesBuildPhase;
			buildActionMask = 2147483647;
			files = (
				512BA233267A7AC800257518 /* LaunchScreen.storyboard in Resources */,
				516BC804267BB2B4002755CA /* sound-chime.mp3 in Resources */,
				512BA22B267A78B300257518 /* Preview Assets.xcassets in Resources */,
				512BA228267A78B300257518 /* Assets.xcassets in Resources */,
			);
			runOnlyForDeploymentPostprocessing = 0;
		};
		51CB2C56267C5A6C006523BE /* Resources */ = {
			isa = PBXResourcesBuildPhase;
			buildActionMask = 2147483647;
			files = (
				51CB2C5B267C5A6E006523BE /* Stickers.xcassets in Resources */,
			);
			runOnlyForDeploymentPostprocessing = 0;
		};
/* End PBXResourcesBuildPhase section */

/* Begin PBXSourcesBuildPhase section */
		512BA21C267A78AF00257518 /* Sources */ = {
			isa = PBXSourcesBuildPhase;
			buildActionMask = 2147483647;
			files = (
				516BC802267BAE23002755CA /* CardData.swift in Sources */,
				516BC806267BB4E4002755CA /* AudioPlayerManager.swift in Sources */,
				512BA226267A78AF00257518 /* ContentView.swift in Sources */,
				516BC7FF267BAD4E002755CA /* CardModel.swift in Sources */,
				516BC7FB267B101C002755CA /* CardView.swift in Sources */,
				512BA224267A78AF00257518 /* Came_to_learn_by_doingApp.swift in Sources */,
			);
			runOnlyForDeploymentPostprocessing = 0;
		};
/* End PBXSourcesBuildPhase section */

/* Begin PBXTargetDependency section */
		51CB2C5E267C5A6E006523BE /* PBXTargetDependency */ = {
			isa = PBXTargetDependency;
			target = 51CB2C57267C5A6C006523BE /* Stickers */;
			targetProxy = 51CB2C5D267C5A6E006523BE /* PBXContainerItemProxy */;
		};
/* End PBXTargetDependency section */

/* Begin XCBuildConfiguration section */
		512BA22D267A78B300257518 /* Debug */ = {
			isa = XCBuildConfiguration;
			buildSettings = {
				ALWAYS_SEARCH_USER_PATHS = NO;
				CLANG_ANALYZER_NONNULL = YES;
				CLANG_ANALYZER_NUMBER_OBJECT_CONVERSION = YES_AGGRESSIVE;
				CLANG_CXX_LANGUAGE_STANDARD = "gnu++14";
				CLANG_CXX_LIBRARY = "libc++";
				CLANG_ENABLE_MODULES = YES;
				CLANG_ENABLE_OBJC_ARC = YES;
				CLANG_ENABLE_OBJC_WEAK = YES;
				CLANG_WARN_BLOCK_CAPTURE_AUTORELEASING = YES;
				CLANG_WARN_BOOL_CONVERSION = YES;
				CLANG_WARN_COMMA = YES;
				CLANG_WARN_CONSTANT_CONVERSION = YES;
				CLANG_WARN_DEPRECATED_OBJC_IMPLEMENTATIONS = YES;
				CLANG_WARN_DIRECT_OBJC_ISA_USAGE = YES_ERROR;
				CLANG_WARN_DOCUMENTATION_COMMENTS = YES;
				CLANG_WARN_EMPTY_BODY = YES;
				CLANG_WARN_ENUM_CONVERSION = YES;
				CLANG_WARN_INFINITE_RECURSION = YES;
				CLANG_WARN_INT_CONVERSION = YES;
				CLANG_WARN_NON_LITERAL_NULL_CONVERSION = YES;
				CLANG_WARN_OBJC_IMPLICIT_RETAIN_SELF = YES;
				CLANG_WARN_OBJC_LITERAL_CONVERSION = YES;
				CLANG_WARN_OBJC_ROOT_CLASS = YES_ERROR;
				CLANG_WARN_QUOTED_INCLUDE_IN_FRAMEWORK_HEADER = YES;
				CLANG_WARN_RANGE_LOOP_ANALYSIS = YES;
				CLANG_WARN_STRICT_PROTOTYPES = YES;
				CLANG_WARN_SUSPICIOUS_MOVE = YES;
				CLANG_WARN_UNGUARDED_AVAILABILITY = YES_AGGRESSIVE;
				CLANG_WARN_UNREACHABLE_CODE = YES;
				CLANG_WARN__DUPLICATE_METHOD_MATCH = YES;
				COPY_PHASE_STRIP = NO;
				DEBUG_INFORMATION_FORMAT = dwarf;
				ENABLE_STRICT_OBJC_MSGSEND = YES;
				ENABLE_TESTABILITY = YES;
				GCC_C_LANGUAGE_STANDARD = gnu11;
				GCC_DYNAMIC_NO_PIC = NO;
				GCC_NO_COMMON_BLOCKS = YES;
				GCC_OPTIMIZATION_LEVEL = 0;
				GCC_PREPROCESSOR_DEFINITIONS = (
					"DEBUG=1",
					"$(inherited)",
				);
				GCC_WARN_64_TO_32_BIT_CONVERSION = YES;
				GCC_WARN_ABOUT_RETURN_TYPE = YES_ERROR;
				GCC_WARN_UNDECLARED_SELECTOR = YES;
				GCC_WARN_UNINITIALIZED_AUTOS = YES_AGGRESSIVE;
				GCC_WARN_UNUSED_FUNCTION = YES;
				GCC_WARN_UNUSED_VARIABLE = YES;
				IPHONEOS_DEPLOYMENT_TARGET = 14.5;
				MTL_ENABLE_DEBUG_INFO = INCLUDE_SOURCE;
				MTL_FAST_MATH = YES;
				ONLY_ACTIVE_ARCH = YES;
				SDKROOT = iphoneos;
				SWIFT_ACTIVE_COMPILATION_CONDITIONS = DEBUG;
				SWIFT_OPTIMIZATION_LEVEL = "-Onone";
			};
			name = Debug;
		};
		512BA22E267A78B300257518 /* Release */ = {
			isa = XCBuildConfiguration;
			buildSettings = {
				ALWAYS_SEARCH_USER_PATHS = NO;
				CLANG_ANALYZER_NONNULL = YES;
				CLANG_ANALYZER_NUMBER_OBJECT_CONVERSION = YES_AGGRESSIVE;
				CLANG_CXX_LANGUAGE_STANDARD = "gnu++14";
				CLANG_CXX_LIBRARY = "libc++";
				CLANG_ENABLE_MODULES = YES;
				CLANG_ENABLE_OBJC_ARC = YES;
				CLANG_ENABLE_OBJC_WEAK = YES;
				CLANG_WARN_BLOCK_CAPTURE_AUTORELEASING = YES;
				CLANG_WARN_BOOL_CONVERSION = YES;
				CLANG_WARN_COMMA = YES;
				CLANG_WARN_CONSTANT_CONVERSION = YES;
				CLANG_WARN_DEPRECATED_OBJC_IMPLEMENTATIONS = YES;
				CLANG_WARN_DIRECT_OBJC_ISA_USAGE = YES_ERROR;
				CLANG_WARN_DOCUMENTATION_COMMENTS = YES;
				CLANG_WARN_EMPTY_BODY = YES;
				CLANG_WARN_ENUM_CONVERSION = YES;
				CLANG_WARN_INFINITE_RECURSION = YES;
				CLANG_WARN_INT_CONVERSION = YES;
				CLANG_WARN_NON_LITERAL_NULL_CONVERSION = YES;
				CLANG_WARN_OBJC_IMPLICIT_RETAIN_SELF = YES;
				CLANG_WARN_OBJC_LITERAL_CONVERSION = YES;
				CLANG_WARN_OBJC_ROOT_CLASS = YES_ERROR;
				CLANG_WARN_QUOTED_INCLUDE_IN_FRAMEWORK_HEADER = YES;
				CLANG_WARN_RANGE_LOOP_ANALYSIS = YES;
				CLANG_WARN_STRICT_PROTOTYPES = YES;
				CLANG_WARN_SUSPICIOUS_MOVE = YES;
				CLANG_WARN_UNGUARDED_AVAILABILITY = YES_AGGRESSIVE;
				CLANG_WARN_UNREACHABLE_CODE = YES;
				CLANG_WARN__DUPLICATE_METHOD_MATCH = YES;
				COPY_PHASE_STRIP = NO;
				DEBUG_INFORMATION_FORMAT = "dwarf-with-dsym";
				ENABLE_NS_ASSERTIONS = NO;
				ENABLE_STRICT_OBJC_MSGSEND = YES;
				GCC_C_LANGUAGE_STANDARD = gnu11;
				GCC_NO_COMMON_BLOCKS = YES;
				GCC_WARN_64_TO_32_BIT_CONVERSION = YES;
				GCC_WARN_ABOUT_RETURN_TYPE = YES_ERROR;
				GCC_WARN_UNDECLARED_SELECTOR = YES;
				GCC_WARN_UNINITIALIZED_AUTOS = YES_AGGRESSIVE;
				GCC_WARN_UNUSED_FUNCTION = YES;
				GCC_WARN_UNUSED_VARIABLE = YES;
				IPHONEOS_DEPLOYMENT_TARGET = 14.5;
				MTL_ENABLE_DEBUG_INFO = NO;
				MTL_FAST_MATH = YES;
				SDKROOT = iphoneos;
				SWIFT_COMPILATION_MODE = wholemodule;
				SWIFT_OPTIMIZATION_LEVEL = "-O";
				VALIDATE_PRODUCT = YES;
			};
			name = Release;
		};
		512BA230267A78B300257518 /* Debug */ = {
			isa = XCBuildConfiguration;
			buildSettings = {
				ASSETCATALOG_COMPILER_APPICON_NAME = AppIcon;
				ASSETCATALOG_COMPILER_GLOBAL_ACCENT_COLOR_NAME = AccentColor;
				CODE_SIGN_STYLE = Automatic;
				DEVELOPMENT_ASSET_PATHS = "\"Came to learn by doing/Preview Content\"";
				ENABLE_PREVIEWS = YES;
				INFOPLIST_FILE = "Came to learn by doing/Info.plist";
				IPHONEOS_DEPLOYMENT_TARGET = 14.0;
				LD_RUNPATH_SEARCH_PATHS = (
					"$(inherited)",
					"@executable_path/Frameworks",
				);
				PRODUCT_BUNDLE_IDENTIFIER = "com.alancasasarevalo-gmail.Came-to-learn-by-doing";
				PRODUCT_NAME = "$(TARGET_NAME)";
				SWIFT_VERSION = 5.0;
				TARGETED_DEVICE_FAMILY = "1,2";
			};
			name = Debug;
		};
		512BA231267A78B300257518 /* Release */ = {
			isa = XCBuildConfiguration;
			buildSettings = {
				ASSETCATALOG_COMPILER_APPICON_NAME = AppIcon;
				ASSETCATALOG_COMPILER_GLOBAL_ACCENT_COLOR_NAME = AccentColor;
				CODE_SIGN_STYLE = Automatic;
				DEVELOPMENT_ASSET_PATHS = "\"Came to learn by doing/Preview Content\"";
				ENABLE_PREVIEWS = YES;
				INFOPLIST_FILE = "Came to learn by doing/Info.plist";
				IPHONEOS_DEPLOYMENT_TARGET = 14.0;
				LD_RUNPATH_SEARCH_PATHS = (
					"$(inherited)",
					"@executable_path/Frameworks",
				);
				PRODUCT_BUNDLE_IDENTIFIER = "com.alancasasarevalo-gmail.Came-to-learn-by-doing";
				PRODUCT_NAME = "$(TARGET_NAME)";
				SWIFT_VERSION = 5.0;
				TARGETED_DEVICE_FAMILY = "1,2";
			};
			name = Release;
		};
		51CB2C61267C5A6E006523BE /* Debug */ = {
			isa = XCBuildConfiguration;
			buildSettings = {
				ASSETCATALOG_COMPILER_APPICON_NAME = "iMessage App Icon";
				CODE_SIGN_STYLE = Automatic;
				INFOPLIST_FILE = Stickers/Info.plist;
				IPHONEOS_DEPLOYMENT_TARGET = 10.0;
				PRODUCT_BUNDLE_IDENTIFIER = "com.alancasasarevalo-gmail.Came-to-learn-by-doing.Stickers";
				PRODUCT_NAME = "$(TARGET_NAME)";
				SKIP_INSTALL = YES;
				TARGETED_DEVICE_FAMILY = "1,2";
			};
			name = Debug;
		};
		51CB2C62267C5A6E006523BE /* Release */ = {
			isa = XCBuildConfiguration;
			buildSettings = {
				ASSETCATALOG_COMPILER_APPICON_NAME = "iMessage App Icon";
				CODE_SIGN_STYLE = Automatic;
				INFOPLIST_FILE = Stickers/Info.plist;
				IPHONEOS_DEPLOYMENT_TARGET = 10.0;
				PRODUCT_BUNDLE_IDENTIFIER = "com.alancasasarevalo-gmail.Came-to-learn-by-doing.Stickers";
				PRODUCT_NAME = "$(TARGET_NAME)";
				SKIP_INSTALL = YES;
				TARGETED_DEVICE_FAMILY = "1,2";
			};
			name = Release;
		};
/* End XCBuildConfiguration section */

/* Begin XCConfigurationList section */
		512BA21B267A78AF00257518 /* Build configuration list for PBXProject "Came to learn by doing" */ = {
			isa = XCConfigurationList;
			buildConfigurations = (
				512BA22D267A78B300257518 /* Debug */,
				512BA22E267A78B300257518 /* Release */,
			);
			defaultConfigurationIsVisible = 0;
			defaultConfigurationName = Release;
		};
		512BA22F267A78B300257518 /* Build configuration list for PBXNativeTarget "Came to learn by doing" */ = {
			isa = XCConfigurationList;
			buildConfigurations = (
				512BA230267A78B300257518 /* Debug */,
				512BA231267A78B300257518 /* Release */,
			);
			defaultConfigurationIsVisible = 0;
			defaultConfigurationName = Release;
		};
		51CB2C63267C5A6E006523BE /* Build configuration list for PBXNativeTarget "Stickers" */ = {
			isa = XCConfigurationList;
			buildConfigurations = (
				51CB2C61267C5A6E006523BE /* Debug */,
				51CB2C62267C5A6E006523BE /* Release */,
			);
			defaultConfigurationIsVisible = 0;
			defaultConfigurationName = Release;
		};
/* End XCConfigurationList section */
	};
	rootObject = 512BA218267A78AF00257518 /* Project object */;
}
